
Microsoft Visual Studio Solution File, Format Version 12.00
# Visual Studio Version 17
VisualStudioVersion = 17.1.32228.430
MinimumVisualStudioVersion = 10.0.40219.1
Project("{FAE04EC0-301F-11D3-BF4B-00C04F79EFBC}") = "CustomButton", "CustomButton\CustomButton.csproj", "{7977E36B-2281-45EB-A063-6CC3EF3F1378}"
EndProject
Global
	GlobalSection(SolutionConfigurationPlatforms) = preSolution
		Debug|Any CPU = Debug|Any CPU
		Release|Any CPU = Release|Any CPU
	EndGlobalSection
	GlobalSection(ProjectConfigurationPlatforms) = postSolution
		{7977E36B-2281-45EB-A063-6CC3EF3F1378}.Debug|Any CPU.ActiveCfg = Debug|Any CPU
		{7977E36B-2281-45EB-A063-6CC3EF3F1378}.Debug|Any CPU.Build.0 = Debug|Any CPU
		{7977E36B-2281-45EB-A063-6CC3EF3F1378}.Release|Any CPU.ActiveCfg = Release|Any CPU
		{7977E36B-2281-45EB-A063-6CC3EF3F1378}.Release|Any CPU.Build.0 = Release|Any CPU
	EndGlobalSection
	GlobalSection(SolutionProperties) = preSolution
		HideSolutionNode = FALSE
	EndGlobalSection
	GlobalSection(ExtensibilityGlobals) = postSolution
		SolutionGuid = {56121B3C-D3BE-41C9-A3E9-13AB4C6DCBAF}
	EndGlobalSection
EndGlobal
